
Microsoft Visual Studio Solution File, Format Version 12.00
# Visual Studio Version 16
VisualStudioVersion = 16.0.30503.244
MinimumVisualStudioVersion = 10.0.40219.1
Project("{9A19103F-16F7-4668-BE54-9A1E7A4F7556}") = "Fretefy.Test.WebApi", "Fretefy.Test.WebApi\Fretefy.Test.WebApi.csproj", "{44547BB6-1EF0-4016-9041-E862CB6E12F9}"
EndProject
Project("{9A19103F-16F7-4668-BE54-9A1E7A4F7556}") = "Fretefy.Test.Domain", "Fretefy.Test.Domain\Fretefy.Test.Domain.csproj", "{C3B3BAE5-BA70-496B-B103-45CB1BB5051E}"
EndProject
Project("{FAE04EC0-301F-11D3-BF4B-00C04F79EFBC}") = "Fretefy.Test.Infra", "Fretefy.Test.Infra\Fretefy.Test.Infra.csproj", "{65E1C626-EBE5-4AA8-A787-63DE1D012A41}"
EndProject
Global
	GlobalSection(SolutionConfigurationPlatforms) = preSolution
		Debug|Any CPU = Debug|Any CPU
		Release|Any CPU = Release|Any CPU
	EndGlobalSection
	GlobalSection(ProjectConfigurationPlatforms) = postSolution
		{44547BB6-1EF0-4016-9041-E862CB6E12F9}.Debug|Any CPU.ActiveCfg = Debug|Any CPU
		{44547BB6-1EF0-4016-9041-E862CB6E12F9}.Debug|Any CPU.Build.0 = Debug|Any CPU
		{44547BB6-1EF0-4016-9041-E862CB6E12F9}.Release|Any CPU.ActiveCfg = Release|Any CPU
		{44547BB6-1EF0-4016-9041-E862CB6E12F9}.Release|Any CPU.Build.0 = Release|Any CPU
		{C3B3BAE5-BA70-496B-B103-45CB1BB5051E}.Debug|Any CPU.ActiveCfg = Debug|Any CPU
		{C3B3BAE5-BA70-496B-B103-45CB1BB5051E}.Debug|Any CPU.Build.0 = Debug|Any CPU
		{C3B3BAE5-BA70-496B-B103-45CB1BB5051E}.Release|Any CPU.ActiveCfg = Release|Any CPU
		{C3B3BAE5-BA70-496B-B103-45CB1BB5051E}.Release|Any CPU.Build.0 = Release|Any CPU
		{65E1C626-EBE5-4AA8-A787-63DE1D012A41}.Debug|Any CPU.ActiveCfg = Debug|Any CPU
		{65E1C626-EBE5-4AA8-A787-63DE1D012A41}.Debug|Any CPU.Build.0 = Debug|Any CPU
		{65E1C626-EBE5-4AA8-A787-63DE1D012A41}.Release|Any CPU.ActiveCfg = Release|Any CPU
		{65E1C626-EBE5-4AA8-A787-63DE1D012A41}.Release|Any CPU.Build.0 = Release|Any CPU
	EndGlobalSection
	GlobalSection(SolutionProperties) = preSolution
		HideSolutionNode = FALSE
	EndGlobalSection
	GlobalSection(ExtensibilityGlobals) = postSolution
		SolutionGuid = {91A4A7C9-10C8-42C5-8A89-2068432E633A}
	EndGlobalSection
EndGlobal
